Microsoft Visual Studio Solution File, Format Version 12.00
# Visual Studio Version 17
VisualStudioVersion = 17.5.2.0
MinimumVisualStudioVersion = 10.0.40219.1
Project("{FAE04EC0-301F-11D3-BF4B-00C04F79EFBC}") = "Making Backend To Free Website Template", "Making Backend To Free Website Template.csproj", "{DCBDA660-C853-D4CE-F019-622D2B7C0337}"
EndProject
Global
	GlobalSection(SolutionConfigurationPlatforms) = preSolution
		Debug|Any CPU = Debug|Any CPU
		Release|Any CPU = Release|Any CPU
	EndGlobalSection
	GlobalSection(ProjectConfigurationPlatforms) = postSolution
		{DCBDA660-C853-D4CE-F019-622D2B7C0337}.Debug|Any CPU.ActiveCfg = Debug|Any CPU
		{DCBDA660-C853-D4CE-F019-622D2B7C0337}.Debug|Any CPU.Build.0 = Debug|Any CPU
		{DCBDA660-C853-D4CE-F019-622D2B7C0337}.Release|Any CPU.ActiveCfg = Release|Any CPU
		{DCBDA660-C853-D4CE-F019-622D2B7C0337}.Release|Any CPU.Build.0 = Release|Any CPU
	EndGlobalSection
	GlobalSection(SolutionProperties) = preSolution
		HideSolutionNode = FALSE
	EndGlobalSection
	GlobalSection(ExtensibilityGlobals) = postSolution
		SolutionGuid = {E50502E0-7416-43D1-A2A3-7CDE50216996}
	EndGlobalSection
EndGlobal
